
Microsoft Visual Studio Solution File, Format Version 12.00
# Visual Studio Version 17
VisualStudioVersion = 17.10.34928.147
MinimumVisualStudioVersion = 10.0.40219.1
Project("{FAE04EC0-301F-11D3-BF4B-00C04F79EFBC}") = "Day3", "Day3\Day3.csproj", "{3B2B983A-A633-45C0-AD2A-86450601BDAD}"
EndProject
Global
	GlobalSection(SolutionConfigurationPlatforms) = preSolution
		Debug|Any CPU = Debug|Any CPU
		Release|Any CPU = Release|Any CPU
	EndGlobalSection
	GlobalSection(ProjectConfigurationPlatforms) = postSolution
		{3B2B983A-A633-45C0-AD2A-86450601BDAD}.Debug|Any CPU.ActiveCfg = Debug|Any CPU
		{3B2B983A-A633-45C0-AD2A-86450601BDAD}.Debug|Any CPU.Build.0 = Debug|Any CPU
		{3B2B983A-A633-45C0-AD2A-86450601BDAD}.Release|Any CPU.ActiveCfg = Release|Any CPU
		{3B2B983A-A633-45C0-AD2A-86450601BDAD}.Release|Any CPU.Build.0 = Release|Any CPU
	EndGlobalSection
	GlobalSection(SolutionProperties) = preSolution
		HideSolutionNode = FALSE
	EndGlobalSection
	GlobalSection(ExtensibilityGlobals) = postSolution
		SolutionGuid = {F7773FC4-D926-4EFB-9785-42AF327A4F82}
	EndGlobalSection
EndGlobal
